// !$*UTF8*$!
{
	archiveVersion = 1;
	classes = {
	};
	objectVersion = 50;
	objects = {

/* Begin PBXBuildFile section */
		410C1AEF2284513A002A4E35 /* Concentraction.swift in Sources */ = {isa = PBXBuildFile; fileRef = 410C1AEE2284513A002A4E35 /* Concentraction.swift */; };
		410C1AF1228451FB002A4E35 /* Card.swift in Sources */ = {isa = PBXBuildFile; fileRef = 410C1AF0228451FB002A4E35 /* Card.swift */; };
		41BB8AAC227C88E8008DBF7E /* AppDelegate.swift in Sources */ = {isa = PBXBuildFile; fileRef = 41BB8AAB227C88E8008DBF7E /* AppDelegate.swift */; };
		41BB8AAE227C88E8008DBF7E /* ViewController.swift in Sources */ = {isa = PBXBuildFile; fileRef = 41BB8AAD227C88E8008DBF7E /* ViewController.swift */; };
		41BB8AB1227C88E8008DBF7E /* Main.storyboard in Resources */ = {isa = PBXBuildFile; fileRef = 41BB8AAF227C88E8008DBF7E /* Main.storyboard */; };
		41BB8AB3227C88E9008DBF7E /* Assets.xcassets in Resources */ = {isa = PBXBuildFile; fileRef = 41BB8AB2227C88E9008DBF7E /* Assets.xcassets */; };
		41BB8AB6227C88E9008DBF7E /* LaunchScreen.storyboard in Resources */ = {isa = PBXBuildFile; fileRef = 41BB8AB4227C88E9008DBF7E /* LaunchScreen.storyboard */; };
/* End PBXBuildFile section */

/* Begin PBXFileReference section */
		410C1AEE2284513A002A4E35 /* Concentraction.swift */ = {isa = PBXFileReference; lastKnownFileType = sourcecode.swift; path = Concentraction.swift; sourceTree = "<group>"; };
		410C1AF0228451FB002A4E35 /* Card.swift */ = {isa = PBXFileReference; lastKnownFileType = sourcecode.swift; path = Card.swift; sourceTree = "<group>"; };
		41BB8AA8227C88E8008DBF7E /* Concentraction.app */ = {isa = PBXFileReference; explicitFileType = wrapper.application; includeInIndex = 0; path = Concentraction.app; sourceTree = BUILT_PRODUCTS_DIR; };
		41BB8AAB227C88E8008DBF7E /* AppDelegate.swift */ = {isa = PBXFileReference; lastKnownFileType = sourcecode.swift; path = AppDelegate.swift; sourceTree = "<group>"; };
		41BB8AAD227C88E8008DBF7E /* ViewController.swift */ = {isa = PBXFileReference; lastKnownFileType = sourcecode.swift; path = ViewController.swift; sourceTree = "<group>"; };
		41BB8AB0227C88E8008DBF7E /* Base */ = {isa = PBXFileReference; lastKnownFileType = file.storyboard; name = Base; path = Base.lproj/Main.storyboard; sourceTree = "<group>"; };
		41BB8AB2227C88E9008DBF7E /* Assets.xcassets */ = {isa = PBXFileReference; lastKnownFileType = folder.assetcatalog; path = Assets.xcassets; sourceTree = "<group>"; };
		41BB8AB5227C88E9008DBF7E /* Base */ = {isa = PBXFileReference; lastKnownFileType = file.storyboard; name = Base; path = Base.lproj/LaunchScreen.storyboard; sourceTree = "<group>"; };
		41BB8AB7227C88E9008DBF7E /* Info.plist */ = {isa = PBXFileReference; lastKnownFileType = text.plist.xml; path = Info.plist; sourceTree = "<group>"; };
/* End PBXFileReference section */

/* Begin PBXFrameworksBuildPhase section */
		41BB8AA5227C88E8008DBF7E /* Frameworks */ = {
			isa = PBXFrameworksBuildPhase;
			buildActionMask = 2147483647;
			files = (
			);
			runOnlyForDeploymentPostprocessing = 0;
		};
/* End PBXFrameworksBuildPhase section */

/* Begin PBXGroup section */
		41BB8A9F227C88E8008DBF7E = {
			isa = PBXGroup;
			children = (
				41BB8AAA227C88E8008DBF7E /* Concentraction */,
				41BB8AA9227C88E8008DBF7E /* Products */,
			);
			sourceTree = "<group>";
		};
		41BB8AA9227C88E8008DBF7E /* Products */ = {
			isa = PBXGroup;
			children = (
				41BB8AA8227C88E8008DBF7E /* Concentraction.app */,
			);
			name = Products;
			sourceTree = "<group>";
		};
		41BB8AAA227C88E8008DBF7E /* Concentraction */ = {
			isa = PBXGroup;
			children = (
				41BB8ABD227C8919008DBF7E /* Supporting Files */,
				41BB8AAD227C88E8008DBF7E /* ViewController.swift */,
				410C1AEE2284513A002A4E35 /* Concentraction.swift */,
				410C1AF0228451FB002A4E35 /* Card.swift */,
				41BB8AAF227C88E8008DBF7E /* Main.storyboard */,
				41BB8AB7227C88E9008DBF7E /* Info.plist */,
			);
			path = Concentraction;
			sourceTree = "<group>";
		};
		41BB8ABD227C8919008DBF7E /* Supporting Files */ = {
			isa = PBXGroup;
			children = (
				41BB8AAB227C88E8008DBF7E /* AppDelegate.swift */,
				41BB8AB2227C88E9008DBF7E /* Assets.xcassets */,
				41BB8AB4227C88E9008DBF7E /* LaunchScreen.storyboard */,
			);
			path = "Supporting Files";
			sourceTree = "<group>";
		};
/* End PBXGroup section */

/* Begin PBXNativeTarget section */
		41BB8AA7227C88E8008DBF7E /* Concentraction */ = {
			isa = PBXNativeTarget;
			buildConfigurationList = 41BB8ABA227C88E9008DBF7E /* Build configuration list for PBXNativeTarget "Concentraction" */;
			buildPhases = (
				41BB8AA4227C88E8008DBF7E /* Sources */,
				41BB8AA5227C88E8008DBF7E /* Frameworks */,
				41BB8AA6227C88E8008DBF7E /* Resources */,
			);
			buildRules = (
			);
			dependencies = (
			);
			name = Concentraction;
			productName = Concentraction;
			productReference = 41BB8AA8227C88E8008DBF7E /* Concentraction.app */;
			productType = "com.apple.product-type.application";
		};
/* End PBXNativeTarget section */

/* Begin PBXProject section */
		41BB8AA0227C88E8008DBF7E /* Project object */ = {
			isa = PBXProject;
			attributes = {
				KnownAssetTags = (
					New,
				);
				LastSwiftUpdateCheck = 1020;
				LastUpgradeCheck = 1020;
				ORGANIZATIONNAME = "Lee Morales";
				TargetAttributes = {
					41BB8AA7227C88E8008DBF7E = {
						CreatedOnToolsVersion = 10.2.1;
					};
				};
			};
			buildConfigurationList = 41BB8AA3227C88E8008DBF7E /* Build configuration list for PBXProject "Concentraction" */;
			compatibilityVersion = "Xcode 9.3";
			developmentRegion = en;
			hasScannedForEncodings = 0;
			knownRegions = (
				en,
				Base,
			);
			mainGroup = 41BB8A9F227C88E8008DBF7E;
			productRefGroup = 41BB8AA9227C88E8008DBF7E /* Products */;
			projectDirPath = "";
			projectRoot = "";
			targets = (
				41BB8AA7227C88E8008DBF7E /* Concentraction */,
			);
		};
/* End PBXProject section */

/* Begin PBXResourcesBuildPhase section */
		41BB8AA6227C88E8008DBF7E /* Resources */ = {
			isa = PBXResourcesBuildPhase;
			buildActionMask = 2147483647;
			files = (
				41BB8AB6227C88E9008DBF7E /* LaunchScreen.storyboard in Resources */,
				41BB8AB3227C88E9008DBF7E /* Assets.xcassets in Resources */,
				41BB8AB1227C88E8008DBF7E /* Main.storyboard in Resources */,
			);
			runOnlyForDeploymentPostprocessing = 0;
		};
/* End PBXResourcesBuildPhase section */

/* Begin PBXSourcesBuildPhase section */
		41BB8AA4227C88E8008DBF7E /* Sources */ = {
			isa = PBXSourcesBuildPhase;
			buildActionMask = 2147483647;
			files = (
				410C1AEF2284513A002A4E35 /* Concentraction.swift in Sources */,
				41BB8AAE227C88E8008DBF7E /* ViewController.swift in Sources */,
				41BB8AAC227C88E8008DBF7E /* AppDelegate.swift in Sources */,
				410C1AF1228451FB002A4E35 /* Card.swift in Sources */,
			);
			runOnlyForDeploymentPostprocessing = 0;
		};
/* End PBXSourcesBuildPhase section */

/* Begin PBXVariantGroup section */
		41BB8AAF227C88E8008DBF7E /* Main.storyboard */ = {
			isa = PBXVariantGroup;
			children = (
				41BB8AB0227C88E8008DBF7E /* Base */,
			);
			name = Main.storyboard;
			sourceTree = "<group>";
		};
		41BB8AB4227C88E9008DBF7E /* LaunchScreen.storyboard */ = {
			isa = PBXVariantGroup;
			children = (
				41BB8AB5227C88E9008DBF7E /* Base */,
			);
			name = LaunchScreen.storyboard;
			sourceTree = "<group>";
		};
/* End PBXVariantGroup section */

/* Begin XCBuildConfiguration section */
		41BB8AB8227C88E9008DBF7E /* Debug */ = {
			isa = XCBuildConfiguration;
			buildSettings = {
				ALWAYS_SEARCH_USER_PATHS = NO;
				CLANG_ANALYZER_NONNULL = YES;
				CLANG_ANALYZER_NUMBER_OBJECT_CONVERSION = YES_AGGRESSIVE;
				CLANG_CXX_LANGUAGE_STANDARD = "gnu++14";
				CLANG_CXX_LIBRARY = "libc++";
				CLANG_ENABLE_MODULES = YES;
				CLANG_ENABLE_OBJC_ARC = YES;
				CLANG_ENABLE_OBJC_WEAK = YES;
				CLANG_WARN_BLOCK_CAPTURE_AUTORELEASING = YES;
				CLANG_WARN_BOOL_CONVERSION = YES;
				CLANG_WARN_COMMA = YES;
				CLANG_WARN_CONSTANT_CONVERSION = YES;
				CLANG_WARN_DEPRECATED_OBJC_IMPLEMENTATIONS = YES;
				CLANG_WARN_DIRECT_OBJC_ISA_USAGE = YES_ERROR;
				CLANG_WARN_DOCUMENTATION_COMMENTS = YES;
				CLANG_WARN_EMPTY_BODY = YES;
				CLANG_WARN_ENUM_CONVERSION = YES;
				CLANG_WARN_INFINITE_RECURSION = YES;
				CLANG_WARN_INT_CONVERSION = YES;
				CLANG_WARN_NON_LITERAL_NULL_CONVERSION = YES;
				CLANG_WARN_OBJC_IMPLICIT_RETAIN_SELF = YES;
				CLANG_WARN_OBJC_LITERAL_CONVERSION = YES;
				CLANG_WARN_OBJC_ROOT_CLASS = YES_ERROR;
				CLANG_WARN_RANGE_LOOP_ANALYSIS = YES;
				CLANG_WARN_STRICT_PROTOTYPES = YES;
				CLANG_WARN_SUSPICIOUS_MOVE = YES;
				CLANG_WARN_UNGUARDED_AVAILABILITY = YES_AGGRESSIVE;
				CLANG_WARN_UNREACHABLE_CODE = YES;
				CLANG_WARN__DUPLICATE_METHOD_MATCH = YES;
				CODE_SIGN_IDENTITY = "iPhone Developer";
				COPY_PHASE_STRIP = NO;
				DEBUG_INFORMATION_FORMAT = dwarf;
				ENABLE_STRICT_OBJC_MSGSEND = YES;
				ENABLE_TESTABILITY = YES;
				GCC_C_LANGUAGE_STANDARD = gnu11;
				GCC_DYNAMIC_NO_PIC = NO;
				GCC_NO_COMMON_BLOCKS = YES;
				GCC_OPTIMIZATION_LEVEL = 0;
				GCC_PREPROCESSOR_DEFINITIONS = (
					"DEBUG=1",
					"$(inherited)",
				);
				GCC_WARN_64_TO_32_BIT_CONVERSION = YES;
				GCC_WARN_ABOUT_RETURN_TYPE = YES_ERROR;
				GCC_WARN_UNDECLARED_SELECTOR = YES;
				GCC_WARN_UNINITIALIZED_AUTOS = YES_AGGRESSIVE;
				GCC_WARN_UNUSED_FUNCTION = YES;
				GCC_WARN_UNUSED_VARIABLE = YES;
				IPHONEOS_DEPLOYMENT_TARGET = 12.2;
				MTL_ENABLE_DEBUG_INFO = INCLUDE_SOURCE;
				MTL_FAST_MATH = YES;
				ONLY_ACTIVE_ARCH = YES;
				SDKROOT = iphoneos;
				SWIFT_ACTIVE_COMPILATION_CONDITIONS = DEBUG;
				SWIFT_OPTIMIZATION_LEVEL = "-Onone";
			};
			name = Debug;
		};
		41BB8AB9227C88E9008DBF7E /* Release */ = {
			isa = XCBuildConfiguration;
			buildSettings = {
				ALWAYS_SEARCH_USER_PATHS = NO;
				CLANG_ANALYZER_NONNULL = YES;
				CLANG_ANALYZER_NUMBER_OBJECT_CONVERSION = YES_AGGRESSIVE;
				CLANG_CXX_LANGUAGE_STANDARD = "gnu++14";
				CLANG_CXX_LIBRARY = "libc++";
				CLANG_ENABLE_MODULES = YES;
				CLANG_ENABLE_OBJC_ARC = YES;
				CLANG_ENABLE_OBJC_WEAK = YES;
				CLANG_WARN_BLOCK_CAPTURE_AUTORELEASING = YES;
				CLANG_WARN_BOOL_CONVERSION = YES;
				CLANG_WARN_COMMA = YES;
				CLANG_WARN_CONSTANT_CONVERSION = YES;
				CLANG_WARN_DEPRECATED_OBJC_IMPLEMENTATIONS = YES;
				CLANG_WARN_DIRECT_OBJC_ISA_USAGE = YES_ERROR;
				CLANG_WARN_DOCUMENTATION_COMMENTS = YES;
				CLANG_WARN_EMPTY_BODY = YES;
				CLANG_WARN_ENUM_CONVERSION = YES;
				CLANG_WARN_INFINITE_RECURSION = YES;
				CLANG_WARN_INT_CONVERSION = YES;
				CLANG_WARN_NON_LITERAL_NULL_CONVERSION = YES;
				CLANG_WARN_OBJC_IMPLICIT_RETAIN_SELF = YES;
				CLANG_WARN_OBJC_LITERAL_CONVERSION = YES;
				CLANG_WARN_OBJC_ROOT_CLASS = YES_ERROR;
				CLANG_WARN_RANGE_LOOP_ANALYSIS = YES;
				CLANG_WARN_STRICT_PROTOTYPES = YES;
				CLANG_WARN_SUSPICIOUS_MOVE = YES;
				CLANG_WARN_UNGUARDED_AVAILABILITY = YES_AGGRESSIVE;
				CLANG_WARN_UNREACHABLE_CODE = YES;
				CLANG_WARN__DUPLICATE_METHOD_MATCH = YES;
				CODE_SIGN_IDENTITY = "iPhone Developer";
				COPY_PHASE_STRIP = NO;
				DEBUG_INFORMATION_FORMAT = "dwarf-with-dsym";
				ENABLE_NS_ASSERTIONS = NO;
				ENABLE_STRICT_OBJC_MSGSEND = YES;
				GCC_C_LANGUAGE_STANDARD = gnu11;
				GCC_NO_COMMON_BLOCKS = YES;
				GCC_WARN_64_TO_32_BIT_CONVERSION = YES;
				GCC_WARN_ABOUT_RETURN_TYPE = YES_ERROR;
				GCC_WARN_UNDECLARED_SELECTOR = YES;
				GCC_WARN_UNINITIALIZED_AUTOS = YES_AGGRESSIVE;
				GCC_WARN_UNUSED_FUNCTION = YES;
				GCC_WARN_UNUSED_VARIABLE = YES;
				IPHONEOS_DEPLOYMENT_TARGET = 12.2;
				MTL_ENABLE_DEBUG_INFO = NO;
				MTL_FAST_MATH = YES;
				SDKROOT = iphoneos;
				SWIFT_COMPILATION_MODE = wholemodule;
				SWIFT_OPTIMIZATION_LEVEL = "-O";
				VALIDATE_PRODUCT = YES;
			};
			name = Release;
		};
		41BB8ABB227C88E9008DBF7E /* Debug */ = {
			isa = XCBuildConfiguration;
			buildSettings = {
				ASSETCATALOG_COMPILER_APPICON_NAME = AppIcon;
				CODE_SIGN_IDENTITY = "iPhone Developer";
				CODE_SIGN_STYLE = Automatic;
				DEVELOPMENT_TEAM = ZR2RHJLP29;
				INFOPLIST_FILE = Concentraction/Info.plist;
				IPHONEOS_DEPLOYMENT_TARGET = 10.0;
				LD_RUNPATH_SEARCH_PATHS = (
					"$(inherited)",
					"@executable_path/Frameworks",
				);
				PRODUCT_BUNDLE_IDENTIFIER = Lee.Concentraction;
				PRODUCT_NAME = "$(TARGET_NAME)";
				PROVISIONING_PROFILE_SPECIFIER = "";
				SWIFT_VERSION = 5.0;
				TARGETED_DEVICE_FAMILY = "1,2";
			};
			name = Debug;
		};
		41BB8ABC227C88E9008DBF7E /* Release */ = {
			isa = XCBuildConfiguration;
			buildSettings = {
				ASSETCATALOG_COMPILER_APPICON_NAME = AppIcon;
				CODE_SIGN_IDENTITY = "iPhone Developer";
				CODE_SIGN_STYLE = Automatic;
				DEVELOPMENT_TEAM = ZR2RHJLP29;
				INFOPLIST_FILE = Concentraction/Info.plist;
				IPHONEOS_DEPLOYMENT_TARGET = 10.0;
				LD_RUNPATH_SEARCH_PATHS = (
					"$(inherited)",
					"@executable_path/Frameworks",
				);
				PRODUCT_BUNDLE_IDENTIFIER = Lee.Concentraction;
				PRODUCT_NAME = "$(TARGET_NAME)";
				PROVISIONING_PROFILE_SPECIFIER = "";
				SWIFT_VERSION = 5.0;
				TARGETED_DEVICE_FAMILY = "1,2";
			};
			name = Release;
		};
/* End XCBuildConfiguration section */

/* Begin XCConfigurationList section */
		41BB8AA3227C88E8008DBF7E /* Build configuration list for PBXProject "Concentraction" */ = {
			isa = XCConfigurationList;
			buildConfigurations = (
				41BB8AB8227C88E9008DBF7E /* Debug */,
				41BB8AB9227C88E9008DBF7E /* Release */,
			);
			defaultConfigurationIsVisible = 0;
			defaultConfigurationName = Release;
		};
		41BB8ABA227C88E9008DBF7E /* Build configuration list for PBXNativeTarget "Concentraction" */ = {
			isa = XCConfigurationList;
			buildConfigurations = (
				41BB8ABB227C88E9008DBF7E /* Debug */,
				41BB8ABC227C88E9008DBF7E /* Release */,
			);
			defaultConfigurationIsVisible = 0;
			defaultConfigurationName = Release;
		};
/* End XCConfigurationList section */
	};
	rootObject = 41BB8AA0227C88E8008DBF7E /* Project object */;
}
