
Microsoft Visual Studio Solution File, Format Version 12.00
# Visual Studio Version 17
VisualStudioVersion = 17.9.34622.214
MinimumVisualStudioVersion = 10.0.40219.1
Project("{9A19103F-16F7-4668-BE54-9A1E7A4F7556}") = "HengyiLiGithubio", "HengyiLiGithubio.csproj", "{BBFE5622-1C39-4CD1-9B9B-C95468649AB8}"
EndProject
Global
	GlobalSection(SolutionConfigurationPlatforms) = preSolution
		Debug|Any CPU = Debug|Any CPU
		Release|Any CPU = Release|Any CPU
	EndGlobalSection
	GlobalSection(ProjectConfigurationPlatforms) = postSolution
		{BBFE5622-1C39-4CD1-9B9B-C95468649AB8}.Debug|Any CPU.ActiveCfg = Debug|Any CPU
		{BBFE5622-1C39-4CD1-9B9B-C95468649AB8}.Debug|Any CPU.Build.0 = Debug|Any CPU
		{BBFE5622-1C39-4CD1-9B9B-C95468649AB8}.Release|Any CPU.ActiveCfg = Release|Any CPU
		{BBFE5622-1C39-4CD1-9B9B-C95468649AB8}.Release|Any CPU.Build.0 = Release|Any CPU
	EndGlobalSection
	GlobalSection(SolutionProperties) = preSolution
		HideSolutionNode = FALSE
	EndGlobalSection
	GlobalSection(ExtensibilityGlobals) = postSolution
		SolutionGuid = {C5ED941F-9B1C-428C-91EF-05C32A18DE89}
	EndGlobalSection
EndGlobal
